
Microsoft Visual Studio Solution File, Format Version 9.00
# Visual Studio 2005
Project("{FAE04EC0-301F-11D3-BF4B-00C04F79EFBC}") = "UHFReader18demomain", "UHFReader18demomain.csproj", "{DEC703F3-5AA7-4E60-87C1-AE80EFB37127}"
EndProject
Global
	GlobalSection(SolutionConfigurationPlatforms) = preSolution
		Debug|Any CPU = Debug|Any CPU
		Release|Any CPU = Release|Any CPU
	EndGlobalSection
	GlobalSection(ProjectConfigurationPlatforms) = postSolution
		{DEC703F3-5AA7-4E60-87C1-AE80EFB37127}.Debug|Any CPU.ActiveCfg = Debug|Any CPU
		{DEC703F3-5AA7-4E60-87C1-AE80EFB37127}.Debug|Any CPU.Build.0 = Debug|Any CPU
		{DEC703F3-5AA7-4E60-87C1-AE80EFB37127}.Release|Any CPU.ActiveCfg = Release|Any CPU
		{DEC703F3-5AA7-4E60-87C1-AE80EFB37127}.Release|Any CPU.Build.0 = Release|Any CPU
	EndGlobalSection
	GlobalSection(SolutionProperties) = preSolution
		HideSolutionNode = FALSE
	EndGlobalSection
EndGlobal
